
Microsoft Visual Studio Solution File, Format Version 12.00
# Visual Studio Version 17
VisualStudioVersion = 17.4.33205.214
MinimumVisualStudioVersion = 10.0.40219.1
Project("{FAE04EC0-301F-11D3-BF4B-00C04F79EFBC}") = "PiedraPapelTijera", "PiedraPapelTijera\PiedraPapelTijera.csproj", "{30E17008-4239-40AF-9F96-92A962817801}"
EndProject
Global
	GlobalSection(SolutionConfigurationPlatforms) = preSolution
		Debug|Any CPU = Debug|Any CPU
		Release|Any CPU = Release|Any CPU
	EndGlobalSection
	GlobalSection(ProjectConfigurationPlatforms) = postSolution
		{30E17008-4239-40AF-9F96-92A962817801}.Debug|Any CPU.ActiveCfg = Debug|Any CPU
		{30E17008-4239-40AF-9F96-92A962817801}.Debug|Any CPU.Build.0 = Debug|Any CPU
		{30E17008-4239-40AF-9F96-92A962817801}.Release|Any CPU.ActiveCfg = Release|Any CPU
		{30E17008-4239-40AF-9F96-92A962817801}.Release|Any CPU.Build.0 = Release|Any CPU
	EndGlobalSection
	GlobalSection(SolutionProperties) = preSolution
		HideSolutionNode = FALSE
	EndGlobalSection
	GlobalSection(ExtensibilityGlobals) = postSolution
		SolutionGuid = {B31F1EE1-043F-42B6-A06C-5C963B33F57A}
	EndGlobalSection
EndGlobal
